github.com/go-chi/chi/v5 v5.3.0 h1:halUjDxhshgXHMrao5bB8eNBXo/rnzwr8m5m36glehM=
github.com/go-chi/chi/v5 v5.3.0/go.mod h1:R+tYY2hNuVUUjxoPtqUdgBqevM9s9njzkTLutVsOCto=
github.com/my-search-index/search-index v0.0.0-20260530215538-65c720c98862 h1:v2AAq2H53yO7cFdAkWwrkWgXbU6+0PHJlFjehlGrYYo=
github.com/my-search-index/search-index v0.0.0-20260530215538-65c720c98862/go.mod h1:T8mJhU5cOZPxyaCjFfdo37dyeET3QVf5uzcno8mtdrM=
